
Microsoft Visual Studio Solution File, Format Version 12.00
# Visual Studio Version 16
VisualStudioVersion = 16.0.29920.165
MinimumVisualStudioVersion = 10.0.40219.1
Project("{FAE04EC0-301F-11D3-BF4B-00C04F79EFBC}") = "RedisTest.Broadcaster", "RedisTest.Broadcaster\RedisTest.Broadcaster.csproj", "{1EEEB510-F071-477C-8010-148FED1C6814}"
EndProject
Project("{FAE04EC0-301F-11D3-BF4B-00C04F79EFBC}") = "RedisTest.Subscriber1", "RedisTest.Subscriber1\RedisTest.Subscriber1.csproj", "{2957EF4C-9012-45CA-9B95-0B471DDAAF64}"
EndProject
Project("{FAE04EC0-301F-11D3-BF4B-00C04F79EFBC}") = "RedisTest.Shared", "RedisTest.Shared\RedisTest.Shared.csproj", "{7E677E61-B66A-4A81-960D-4F9DF9F85384}"
EndProject
Project("{9A19103F-16F7-4668-BE54-9A1E7A4F7556}") = "RedisTest.Subscriber2", "RedisTest.Subscriber2\RedisTest.Subscriber2.csproj", "{82A84443-92D8-46D4-AB9D-78F1C1E3109E}"
EndProject
Project("{FAE04EC0-301F-11D3-BF4B-00C04F79EFBC}") = "RedisTest.Subscriber3", "RedisTest.Subscriber3\RedisTest.Subscriber3.csproj", "{78630B04-64A3-4A20-8B96-532277D3BA23}"
EndProject
Global
	GlobalSection(SolutionConfigurationPlatforms) = preSolution
		Debug|Any CPU = Debug|Any CPU
		Release|Any CPU = Release|Any CPU
	EndGlobalSection
	GlobalSection(ProjectConfigurationPlatforms) = postSolution
		{1EEEB510-F071-477C-8010-148FED1C6814}.Debug|Any CPU.ActiveCfg = Debug|Any CPU
		{1EEEB510-F071-477C-8010-148FED1C6814}.Debug|Any CPU.Build.0 = Debug|Any CPU
		{1EEEB510-F071-477C-8010-148FED1C6814}.Release|Any CPU.ActiveCfg = Release|Any CPU
		{1EEEB510-F071-477C-8010-148FED1C6814}.Release|Any CPU.Build.0 = Release|Any CPU
		{2957EF4C-9012-45CA-9B95-0B471DDAAF64}.Debug|Any CPU.ActiveCfg = Debug|Any CPU
		{2957EF4C-9012-45CA-9B95-0B471DDAAF64}.Debug|Any CPU.Build.0 = Debug|Any CPU
		{2957EF4C-9012-45CA-9B95-0B471DDAAF64}.Release|Any CPU.ActiveCfg = Release|Any CPU
		{2957EF4C-9012-45CA-9B95-0B471DDAAF64}.Release|Any CPU.Build.0 = Release|Any CPU
		{7E677E61-B66A-4A81-960D-4F9DF9F85384}.Debug|Any CPU.ActiveCfg = Debug|Any CPU
		{7E677E61-B66A-4A81-960D-4F9DF9F85384}.Debug|Any CPU.Build.0 = Debug|Any CPU
		{7E677E61-B66A-4A81-960D-4F9DF9F85384}.Release|Any CPU.ActiveCfg = Release|Any CPU
		{7E677E61-B66A-4A81-960D-4F9DF9F85384}.Release|Any CPU.Build.0 = Release|Any CPU
		{82A84443-92D8-46D4-AB9D-78F1C1E3109E}.Debug|Any CPU.ActiveCfg = Debug|Any CPU
		{82A84443-92D8-46D4-AB9D-78F1C1E3109E}.Debug|Any CPU.Build.0 = Debug|Any CPU
		{82A84443-92D8-46D4-AB9D-78F1C1E3109E}.Release|Any CPU.ActiveCfg = Release|Any CPU
		{82A84443-92D8-46D4-AB9D-78F1C1E3109E}.Release|Any CPU.Build.0 = Release|Any CPU
		{78630B04-64A3-4A20-8B96-532277D3BA23}.Debug|Any CPU.ActiveCfg = Debug|Any CPU
		{78630B04-64A3-4A20-8B96-532277D3BA23}.Debug|Any CPU.Build.0 = Debug|Any CPU
		{78630B04-64A3-4A20-8B96-532277D3BA23}.Release|Any CPU.ActiveCfg = Release|Any CPU
		{78630B04-64A3-4A20-8B96-532277D3BA23}.Release|Any CPU.Build.0 = Release|Any CPU
	EndGlobalSection
	GlobalSection(SolutionProperties) = preSolution
		HideSolutionNode = FALSE
	EndGlobalSection
	GlobalSection(ExtensibilityGlobals) = postSolution
		SolutionGuid = {B5825A20-70A5-48BA-8967-2B425609D186}
	EndGlobalSection
EndGlobal
